
Microsoft Visual Studio Solution File, Format Version 12.00
# Visual Studio 14
VisualStudioVersion = 14.0.24720.0
MinimumVisualStudioVersion = 10.0.40219.1
Project("{FAE04EC0-301F-11D3-BF4B-00C04F79EFBC}") = "Vluggr.Client", "Vluggr\Vluggr.Client.csproj", "{8ED2BBAA-4EC2-4FE1-9A88-BAF013A90F5B}"
EndProject
Project("{FAE04EC0-301F-11D3-BF4B-00C04F79EFBC}") = "Vluggr.Common", "Vluggr.Common\Vluggr.Common.csproj", "{A599176E-36F5-4315-AF9B-C45B345C4915}"
EndProject
Project("{FAE04EC0-301F-11D3-BF4B-00C04F79EFBC}") = "Vluggr.SourceControl", "Vluggr.SourceControl\Vluggr.SourceControl.csproj", "{65426845-D6B3-4AD4-94E3-749D0EAD5FE4}"
EndProject
Global
	GlobalSection(SolutionConfigurationPlatforms) = preSolution
		Debug|Any CPU = Debug|Any CPU
		Release|Any CPU = Release|Any CPU
	EndGlobalSection
	GlobalSection(ProjectConfigurationPlatforms) = postSolution
		{8ED2BBAA-4EC2-4FE1-9A88-BAF013A90F5B}.Debug|Any CPU.ActiveCfg = Debug|Any CPU
		{8ED2BBAA-4EC2-4FE1-9A88-BAF013A90F5B}.Debug|Any CPU.Build.0 = Debug|Any CPU
		{8ED2BBAA-4EC2-4FE1-9A88-BAF013A90F5B}.Release|Any CPU.ActiveCfg = Release|Any CPU
		{8ED2BBAA-4EC2-4FE1-9A88-BAF013A90F5B}.Release|Any CPU.Build.0 = Release|Any CPU
		{A599176E-36F5-4315-AF9B-C45B345C4915}.Debug|Any CPU.ActiveCfg = Debug|Any CPU
		{A599176E-36F5-4315-AF9B-C45B345C4915}.Debug|Any CPU.Build.0 = Debug|Any CPU
		{A599176E-36F5-4315-AF9B-C45B345C4915}.Release|Any CPU.ActiveCfg = Release|Any CPU
		{A599176E-36F5-4315-AF9B-C45B345C4915}.Release|Any CPU.Build.0 = Release|Any CPU
		{65426845-D6B3-4AD4-94E3-749D0EAD5FE4}.Debug|Any CPU.ActiveCfg = Debug|Any CPU
		{65426845-D6B3-4AD4-94E3-749D0EAD5FE4}.Debug|Any CPU.Build.0 = Debug|Any CPU
		{65426845-D6B3-4AD4-94E3-749D0EAD5FE4}.Release|Any CPU.ActiveCfg = Release|Any CPU
		{65426845-D6B3-4AD4-94E3-749D0EAD5FE4}.Release|Any CPU.Build.0 = Release|Any CPU
	EndGlobalSection
	GlobalSection(SolutionProperties) = preSolution
		HideSolutionNode = FALSE
	EndGlobalSection
EndGlobal
